
Microsoft Visual Studio Solution File, Format Version 11.00
# Visual Studio 2010
Project("{FAE04EC0-301F-11D3-BF4B-00C04F79EFBC}") = "serious project", "Assembly-CSharp.csproj", "{DE77C650-B6FE-143F-5D96-C678C22B207B}"
EndProject
Global
	GlobalSection(SolutionConfigurationPlatforms) = preSolution
		Debug|Any CPU = Debug|Any CPU
		Release|Any CPU = Release|Any CPU
	EndGlobalSection
	GlobalSection(ProjectConfigurationPlatforms) = postSolution
		{DE77C650-B6FE-143F-5D96-C678C22B207B}.Debug|Any CPU.ActiveCfg = Debug|Any CPU
		{DE77C650-B6FE-143F-5D96-C678C22B207B}.Debug|Any CPU.Build.0 = Debug|Any CPU
		{DE77C650-B6FE-143F-5D96-C678C22B207B}.Release|Any CPU.ActiveCfg = Release|Any CPU
		{DE77C650-B6FE-143F-5D96-C678C22B207B}.Release|Any CPU.Build.0 = Release|Any CPU
	EndGlobalSection
	GlobalSection(SolutionProperties) = preSolution
		HideSolutionNode = FALSE
	EndGlobalSection
	GlobalSection(MonoDevelopProperties) = preSolution
		StartupItem = Assembly-CSharp.csproj
	EndGlobalSection
EndGlobal
